<?xml version="1.0" encoding="utf-8"?>
<Project ToolsVersion="4.0" xmlns="http://schemas.microsoft.com/developer/msbuild/2003">
  <ItemGroup>
    <Filter Include="Source Files">
      <UniqueIdentifier>{4FC737F1-C7A5-4376-A066-2A32D752A2FF}</UniqueIdentifier>
      <Extensions>cpp;c;cc;cxx;def;odl;idl;hpj;bat;asm;asmx</Extensions>
    </Filter>
    <Filter Include="Header Files">
      <UniqueIdentifier>{93995380-89BD-4b04-88EB-625FBE52EBFB}</UniqueIdentifier>
      <Extensions>h;hh;hpp;hxx;hm;inl;inc;ipp;xsd</Extensions>
    </Filter>
    <Filter Include="Resource Files">
      <UniqueIdentifier>{67DA6AB6-F800-4c08-8B7A-83BB121AAD01}</UniqueIdentifier>
      <Extensions>rc;ico;cur;bmp;dlg;rc2;rct;bin;rgs;gif;jpg;jpeg;jpe;resx;tiff;tif;png;wav;mfcribbon-ms</Extensions>
    </Filter>
    <Filter Include="Header Files\Abilities">
      <UniqueIdentifier>{536b8461-f988-41f7-8abe-d41f4387c6ad}</UniqueIdentifier>
    </Filter>
    <Filter Include="Header Files\Character">
      <UniqueIdentifier>{c57db608-b69b-407d-816c-43988bbf1379}</UniqueIdentifier>
    </Filter>
    <Filter Include="Source Files\Character">
      <UniqueIdentifier>{b591860c-4644-4268-9cdf-c0b59e5d62e7}</UniqueIdentifier>
    </Filter>
    <Filter Include="Header Files\Abilities\Effects">
      <UniqueIdentifier>{429a9ca3-a1d9-477a-9d29-a65a2175281b}</UniqueIdentifier>
    </Filter>
    <Filter Include="Source Files\Abilties">
      <UniqueIdentifier>{20fa6406-41b4-4c06-abbc-b1838977f229}</UniqueIdentifier>
    </Filter>
    <Filter Include="Source Files\Abilties\Effects">
      <UniqueIdentifier>{3716ec80-b152-4455-8686-a30314604d0c}</UniqueIdentifier>
    </Filter>
    <Filter Include="Header Files\Entities">
      <UniqueIdentifier>{a46035b5-7e85-436a-bd36-45f6f732b531}</UniqueIdentifier>
    </Filter>
    <Filter Include="Source Files\Entities">
      <UniqueIdentifier>{cddf861b-4861-4963-9515-5b68a1f6ca73}</UniqueIdentifier>
    </Filter>
    <Filter Include="Source Files\Abilties\Effects\Action">
      <UniqueIdentifier>{39b20d73-7365-4efa-bb82-ef6bc784fab3}</UniqueIdentifier>
    </Filter>
    <Filter Include="Source Files\Abilties\Effects\Combat">
      <UniqueIdentifier>{aac27724-e759-47b3-910e-149099ea3eea}</UniqueIdentifier>
    </Filter>
    <Filter Include="Header Files\Abilities\Effects\Combat">
      <UniqueIdentifier>{66e2c373-8028-49ea-96a9-c67b56f5bf69}</UniqueIdentifier>
    </Filter>
    <Filter Include="Header Files\Abilities\Effects\Action">
      <UniqueIdentifier>{313f80a4-a7a7-4177-b29b-cab959a0b9c2}</UniqueIdentifier>
    </Filter>
    <Filter Include="Header Files\Abilities\Leanna">
      <UniqueIdentifier>{647abecb-9c5f-415c-bed3-70fa3957a524}</UniqueIdentifier>
    </Filter>
    <Filter Include="Header Files\Abilities\Klaus">
      <UniqueIdentifier>{8b9670d5-3f59-485f-937a-f627af5a89cd}</UniqueIdentifier>
    </Filter>
    <Filter Include="Source Files\Abilties\Leanna">
      <UniqueIdentifier>{db5aaaa6-bfe6-4333-b8b2-4aca648ff4d9}</UniqueIdentifier>
    </Filter>
    <Filter Include="Source Files\Abilties\Klaus">
      <UniqueIdentifier>{d83742ed-7236-477a-ba87-69a9dfe68b2b}</UniqueIdentifier>
    </Filter>
    <Filter Include="Header Files\Game">
      <UniqueIdentifier>{da9bdf23-700a-4c94-9b12-28edeca71054}</UniqueIdentifier>
    </Filter>
    <Filter Include="Source Files\Game">
      <UniqueIdentifier>{25b2c442-8211-473f-8b6d-754c225bc6da}</UniqueIdentifier>
    </Filter>
  </ItemGroup>
  <ItemGroup>
    <ClCompile Include="main.cpp">
      <Filter>Source Files</Filter>
    </ClCompile>
    <ClCompile Include="Effect.cpp">
      <Filter>Source Files\Abilties\Effects</Filter>
    </ClCompile>
    <ClCompile Include="Character.cpp">
      <Filter>Source Files\Character</Filter>
    </ClCompile>
    <ClCompile Include="CharacterAbilities.cpp">
      <Filter>Source Files\Character</Filter>
    </ClCompile>
    <ClCompile Include="CharacterObserver.cpp">
      <Filter>Source Files\Character</Filter>
    </ClCompile>
    <ClCompile Include="CharacterFactory.cpp">
      <Filter>Source Files\Character</Filter>
    </ClCompile>
    <ClCompile Include="Creature.cpp">
      <Filter>Source Files\Entities</Filter>
    </ClCompile>
    <ClCompile Include="Position.cpp">
      <Filter>Source Files\Entities</Filter>
    </ClCompile>
    <ClCompile Include="Item.cpp">
      <Filter>Source Files\Entities</Filter>
    </ClCompile>
    <ClCompile Include="ParalyseEffect.cpp">
      <Filter>Source Files\Abilties\Effects\Action</Filter>
    </ClCompile>
    <ClCompile Include="HealthDrainEffect.cpp">
      <Filter>Source Files\Abilties\Effects\Combat</Filter>
    </ClCompile>
    <ClCompile Include="VoidParalyseAbility.cpp">
      <Filter>Source Files\Abilties\Leanna</Filter>
    </ClCompile>
    <ClCompile Include="VoidRendAbility.cpp">
      <Filter>Source Files\Abilties\Leanna</Filter>
    </ClCompile>
    <ClCompile Include="VoidShotPassive.cpp">
      <Filter>Source Files\Abilties\Leanna</Filter>
    </ClCompile>
    <ClCompile Include="AttackHealPassive.cpp">
      <Filter>Source Files\Abilties\Klaus</Filter>
    </ClCompile>
    <ClCompile Include="LifeHarvestAbility.cpp">
      <Filter>Source Files\Abilties\Klaus</Filter>
    </ClCompile>
    <ClCompile Include="BloodAnguishAbility.cpp">
      <Filter>Source Files\Abilties\Klaus</Filter>
    </ClCompile>
    <ClCompile Include="SelfAbility.cpp">
      <Filter>Source Files\Abilties</Filter>
    </ClCompile>
    <ClCompile Include="Ability.cpp">
      <Filter>Source Files\Abilties</Filter>
    </ClCompile>
    <ClCompile Include="PassiveAbility.cpp">
      <Filter>Source Files\Abilties</Filter>
    </ClCompile>
    <ClCompile Include="Game.cpp">
      <Filter>Source Files\Game</Filter>
    </ClCompile>
    <ClCompile Include="GameBoard.cpp">
      <Filter>Source Files\Game</Filter>
    </ClCompile>
    <ClCompile Include="MapEditor.cpp">
      <Filter>Source Files\Game</Filter>
    </ClCompile>
    <ClCompile Include="MapEditorHandler.cpp">
      <Filter>Source Files\Game</Filter>
    </ClCompile>
    <ClCompile Include="GameSquare.cpp">
      <Filter>Source Files\Game</Filter>
    </ClCompile>
    <ClCompile Include="ImpassableSquare.cpp">
      <Filter>Source Files\Game</Filter>
    </ClCompile>
    <ClCompile Include="PassableSquare.cpp">
      <Filter>Source Files\Game</Filter>
    </ClCompile>
    <ClCompile Include="ActiveEntityImage.cpp">
      <Filter>Source Files\Entities</Filter>
    </ClCompile>
    <ClCompile Include="GameHandler.cpp">
      <Filter>Source Files\Game</Filter>
    </ClCompile>
    <ClCompile Include="MapSaveHandler.cpp">
      <Filter>Source Files\Game</Filter>
    </ClCompile>
    <ClCompile Include="StatusEffect.cpp">
      <Filter>Source Files</Filter>
    </ClCompile>
    <ClCompile Include="Minion.cpp">
      <Filter>Source Files</Filter>
    </ClCompile>
    <ClCompile Include="ActionPointEffect.cpp">
      <Filter>Source Files\Abilties\Effects\Action</Filter>
    </ClCompile>
    <ClCompile Include="AttackPointEffect.cpp">
      <Filter>Source Files\Abilties\Effects\Action</Filter>
    </ClCompile>
    <ClCompile Include="MovementPointEffect.cpp">
      <Filter>Source Files\Abilties\Effects\Action</Filter>
    </ClCompile>
    <ClCompile Include="ArmorEffect.cpp">
      <Filter>Source Files\Abilties\Effects\Combat</Filter>
    </ClCompile>
    <ClCompile Include="HealthEffect.cpp">
      <Filter>Source Files\Abilties\Effects\Combat</Filter>
    </ClCompile>
    <ClCompile Include="PhysicalDamageEffect.cpp">
      <Filter>Source Files\Abilties\Effects\Combat</Filter>
    </ClCompile>
    <ClCompile Include="EntityAttributes.cpp">
      <Filter>Source Files\Entities</Filter>
    </ClCompile>
    <ClCompile Include="GameEntity.cpp">
      <Filter>Source Files\Entities</Filter>
    </ClCompile>
    <ClCompile Include="CharacterEffectsManager.cpp">
      <Filter>Source Files</Filter>
    </ClCompile>
    <ClCompile Include="CharacterAttributesSystem.cpp">
      <Filter>Source Files</Filter>
    </ClCompile>
    <ClCompile Include="MinionAttributesSystem.cpp">
      <Filter>Source Files</Filter>
    </ClCompile>
  </ItemGroup>
  <ItemGroup>
    <ClInclude Include="Effect.h">
      <Filter>Header Files\Abilities\Effects</Filter>
    </ClInclude>
    <ClInclude Include="CharacterAbilities.h">
      <Filter>Header Files\Character</Filter>
    </ClInclude>
    <ClInclude Include="CharacterObserver.h">
      <Filter>Header Files\Character</Filter>
    </ClInclude>
    <ClInclude Include="ParalyseEffect.h">
      <Filter>Header Files\Abilities\Effects\Action</Filter>
    </ClInclude>
    <ClInclude Include="Character.h">
      <Filter>Header Files\Character</Filter>
    </ClInclude>
    <ClInclude Include="Action.h">
      <Filter>Header Files\Character</Filter>
    </ClInclude>
    <ClInclude Include="CharacterFactory.h">
      <Filter>Header Files\Character</Filter>
    </ClInclude>
    <ClInclude Include="Creature.h">
      <Filter>Header Files\Entities</Filter>
    </ClInclude>
    <ClInclude Include="Position.h">
      <Filter>Header Files\Entities</Filter>
    </ClInclude>
    <ClInclude Include="HealthDrainEffect.h">
      <Filter>Header Files\Abilities\Effects\Combat</Filter>
    </ClInclude>
    <ClInclude Include="Item.h">
      <Filter>Header Files\Entities</Filter>
    </ClInclude>
    <ClInclude Include="VoidRendAbility.h">
      <Filter>Header Files\Abilities\Leanna</Filter>
    </ClInclude>
    <ClInclude Include="VoidParalyseAbility.h">
      <Filter>Header Files\Abilities\Leanna</Filter>
    </ClInclude>
    <ClInclude Include="VoidShotPassive.h">
      <Filter>Header Files\Abilities\Leanna</Filter>
    </ClInclude>
    <ClInclude Include="AttackHealPassive.h">
      <Filter>Header Files\Abilities\Klaus</Filter>
    </ClInclude>
    <ClInclude Include="LifeHarvestAbility.h">
      <Filter>Header Files\Abilities\Klaus</Filter>
    </ClInclude>
    <ClInclude Include="BloodAnguishAbility.h">
      <Filter>Header Files\Abilities\Klaus</Filter>
    </ClInclude>
    <ClInclude Include="Ability.h">
      <Filter>Header Files\Abilities</Filter>
    </ClInclude>
    <ClInclude Include="SelfAbility.h">
      <Filter>Header Files\Abilities</Filter>
    </ClInclude>
    <ClInclude Include="PassiveAbility.h">
      <Filter>Header Files\Abilities</Filter>
    </ClInclude>
    <ClInclude Include="Game.h">
      <Filter>Header Files\Game</Filter>
    </ClInclude>
    <ClInclude Include="GameBoard.h">
      <Filter>Header Files\Game</Filter>
    </ClInclude>
    <ClInclude Include="MapEditor.h">
      <Filter>Header Files\Game</Filter>
    </ClInclude>
    <ClInclude Include="MapEditorHandler.h">
      <Filter>Header Files\Game</Filter>
    </ClInclude>
    <ClInclude Include="SquareType.h">
      <Filter>Header Files\Game</Filter>
    </ClInclude>
    <ClInclude Include="GameSquare.h">
      <Filter>Header Files\Game</Filter>
    </ClInclude>
    <ClInclude Include="ImpassableSquare.h">
      <Filter>Header Files\Game</Filter>
    </ClInclude>
    <ClInclude Include="PassableSquare.h">
      <Filter>Header Files\Game</Filter>
    </ClInclude>
    <ClInclude Include="Team.h">
      <Filter>Header Files\Entities</Filter>
    </ClInclude>
    <ClInclude Include="ActiveEntityImage.h">
      <Filter>Header Files\Entities</Filter>
    </ClInclude>
    <ClInclude Include="GameHandler.h">
      <Filter>Header Files\Game</Filter>
    </ClInclude>
    <ClInclude Include="MapSaveHandler.h">
      <Filter>Header Files\Game</Filter>
    </ClInclude>
    <ClInclude Include="StatusEffect.h">
      <Filter>Header Files</Filter>
    </ClInclude>
    <ClInclude Include="MovementPointEffect.h">
      <Filter>Header Files\Abilities\Effects\Action</Filter>
    </ClInclude>
    <ClInclude Include="AttackPointEffect.h">
      <Filter>Header Files\Abilities\Effects\Action</Filter>
    </ClInclude>
    <ClInclude Include="ActionPointEffect.h">
      <Filter>Header Files\Abilities\Effects\Action</Filter>
    </ClInclude>
    <ClInclude Include="PhysicalDamageEffect.h">
      <Filter>Header Files\Abilities\Effects\Combat</Filter>
    </ClInclude>
    <ClInclude Include="HealthEffect.h">
      <Filter>Header Files\Abilities\Effects\Combat</Filter>
    </ClInclude>
    <ClInclude Include="Minion.h">
      <Filter>Header Files\Entities</Filter>
    </ClInclude>
    <ClInclude Include="ArmorEffect.h">
      <Filter>Header Files\Abilities\Effects\Combat</Filter>
    </ClInclude>
    <ClInclude Include="EntityAttributes.h">
      <Filter>Header Files\Entities</Filter>
    </ClInclude>
    <ClInclude Include="GameEntity.h">
      <Filter>Header Files\Entities</Filter>
    </ClInclude>
    <ClInclude Include="CharacterEffectsManager.h">
      <Filter>Header Files</Filter>
    </ClInclude>
    <ClInclude Include="CharacterAttributesSystem.h">
      <Filter>Header Files</Filter>
    </ClInclude>
    <ClInclude Include="MinionAttributesSystem.h">
      <Filter>Header Files</Filter>
    </ClInclude>
  </ItemGroup>
</Project>